
Microsoft Visual Studio Solution File, Format Version 12.00
# Visual Studio Version 17
VisualStudioVersion = 17.14.37301.10 d17.14
MinimumVisualStudioVersion = 10.0.40219.1
Project("{FAE04EC0-301F-11D3-BF4B-00C04F79EFBC}") = "SnmpSharpNet8", "SnmpSharpNet8\SnmpSharpNet8.csproj", "{CF36DEA6-99CD-4531-8DC9-BCD52F44317C}"
EndProject
Global
	GlobalSection(SolutionConfigurationPlatforms) = preSolution
		Debug|Any CPU = Debug|Any CPU
		Release|Any CPU = Release|Any CPU
	EndGlobalSection
	GlobalSection(ProjectConfigurationPlatforms) = postSolution
		{CF36DEA6-99CD-4531-8DC9-BCD52F44317C}.Debug|Any CPU.ActiveCfg = Debug|Any CPU
		{CF36DEA6-99CD-4531-8DC9-BCD52F44317C}.Debug|Any CPU.Build.0 = Debug|Any CPU
		{CF36DEA6-99CD-4531-8DC9-BCD52F44317C}.Release|Any CPU.ActiveCfg = Release|Any CPU
		{CF36DEA6-99CD-4531-8DC9-BCD52F44317C}.Release|Any CPU.Build.0 = Release|Any CPU
	EndGlobalSection
	GlobalSection(SolutionProperties) = preSolution
		HideSolutionNode = FALSE
	EndGlobalSection
	GlobalSection(ExtensibilityGlobals) = postSolution
		SolutionGuid = {56847622-3B31-4FF6-896F-B7172BD76EE2}
	EndGlobalSection
EndGlobal
